// !$*UTF8*$!
{
	archiveVersion = 1;
	classes = {
	};
	objectVersion = 48;
	objects = {

/* Begin PBXBuildFile section */
		848ABCC51FD88CC7000FAAAB /* AppDelegate.swift in Sources */ = {isa = PBXBuildFile; fileRef = 848ABCC41FD88CC7000FAAAB /* AppDelegate.swift */; };
		848ABCC71FD88CC7000FAAAB /* ViewController.swift in Sources */ = {isa = PBXBuildFile; fileRef = 848ABCC61FD88CC7000FAAAB /* ViewController.swift */; };
		848ABCCA1FD88CC7000FAAAB /* Main.storyboard in Resources */ = {isa = PBXBuildFile; fileRef = 848ABCC81FD88CC7000FAAAB /* Main.storyboard */; };
		848ABCCC1FD88CC7000FAAAB /* Assets.xcassets in Resources */ = {isa = PBXBuildFile; fileRef = 848ABCCB1FD88CC7000FAAAB /* Assets.xcassets */; };
		848ABCCF1FD88CC7000FAAAB /* LaunchScreen.storyboard in Resources */ = {isa = PBXBuildFile; fileRef = 848ABCCD1FD88CC7000FAAAB /* LaunchScreen.storyboard */; };
		848ABCDA1FD88CC7000FAAAB /* assignmentsTests.swift in Sources */ = {isa = PBXBuildFile; fileRef = 848ABCD91FD88CC7000FAAAB /* assignmentsTests.swift */; };
		848ABCE51FD88CC7000FAAAB /* assignmentsUITests.swift in Sources */ = {isa = PBXBuildFile; fileRef = 848ABCE41FD88CC7000FAAAB /* assignmentsUITests.swift */; };
		848ABCF41FD88CE3000FAAAB /* student.swift in Sources */ = {isa = PBXBuildFile; fileRef = 848ABCF31FD88CE3000FAAAB /* student.swift */; };
		848ABCF61FD88D2D000FAAAB /* studentsDB.swift in Sources */ = {isa = PBXBuildFile; fileRef = 848ABCF51FD88D2D000FAAAB /* studentsDB.swift */; };
		848ABCF81FD88F76000FAAAB /* masterStudent.swift in Sources */ = {isa = PBXBuildFile; fileRef = 848ABCF71FD88F76000FAAAB /* masterStudent.swift */; };
		848ABCFA1FD89358000FAAAB /* phdStudent.swift in Sources */ = {isa = PBXBuildFile; fileRef = 848ABCF91FD89358000FAAAB /* phdStudent.swift */; };
		84B722C91FD9CF4D00151EB0 /* ViewControllerUITableViewCell.swift in Sources */ = {isa = PBXBuildFile; fileRef = 84B722C81FD9CF4D00151EB0 /* ViewControllerUITableViewCell.swift */; };
		84B722CC1FD9DC6C00151EB0 /* NewStudentViewController.swift in Sources */ = {isa = PBXBuildFile; fileRef = 84B722CB1FD9DC6C00151EB0 /* NewStudentViewController.swift */; };
		84B722CE1FD9DC9D00151EB0 /* StudenDetailsViewController.swift in Sources */ = {isa = PBXBuildFile; fileRef = 84B722CD1FD9DC9D00151EB0 /* StudenDetailsViewController.swift */; };
/* End PBXBuildFile section */

/* Begin PBXContainerItemProxy section */
		848ABCD61FD88CC7000FAAAB /* PBXContainerItemProxy */ = {
			isa = PBXContainerItemProxy;
			containerPortal = 848ABCB91FD88CC6000FAAAB /* Project object */;
			proxyType = 1;
			remoteGlobalIDString = 848ABCC01FD88CC7000FAAAB;
			remoteInfo = assignments;
		};
		848ABCE11FD88CC7000FAAAB /* PBXContainerItemProxy */ = {
			isa = PBXContainerItemProxy;
			containerPortal = 848ABCB91FD88CC6000FAAAB /* Project object */;
			proxyType = 1;
			remoteGlobalIDString = 848ABCC01FD88CC7000FAAAB;
			remoteInfo = assignments;
		};
/* End PBXContainerItemProxy section */

/* Begin PBXFileReference section */
		848ABCC11FD88CC7000FAAAB /* assignments.app */ = {isa = PBXFileReference; explicitFileType = wrapper.application; includeInIndex = 0; path = assignments.app; sourceTree = BUILT_PRODUCTS_DIR; };
		848ABCC41FD88CC7000FAAAB /* AppDelegate.swift */ = {isa = PBXFileReference; lastKnownFileType = sourcecode.swift; path = AppDelegate.swift; sourceTree = "<group>"; };
		848ABCC61FD88CC7000FAAAB /* ViewController.swift */ = {isa = PBXFileReference; lastKnownFileType = sourcecode.swift; path = ViewController.swift; sourceTree = "<group>"; };
		848ABCC91FD88CC7000FAAAB /* Base */ = {isa = PBXFileReference; lastKnownFileType = file.storyboard; name = Base; path = Base.lproj/Main.storyboard; sourceTree = "<group>"; };
		848ABCCB1FD88CC7000FAAAB /* Assets.xcassets */ = {isa = PBXFileReference; lastKnownFileType = folder.assetcatalog; path = Assets.xcassets; sourceTree = "<group>"; };
		848ABCCE1FD88CC7000FAAAB /* Base */ = {isa = PBXFileReference; lastKnownFileType = file.storyboard; name = Base; path = Base.lproj/LaunchScreen.storyboard; sourceTree = "<group>"; };
		848ABCD01FD88CC7000FAAAB /* Info.plist */ = {isa = PBXFileReference; lastKnownFileType = text.plist.xml; path = Info.plist; sourceTree = "<group>"; };
		848ABCD51FD88CC7000FAAAB /* assignmentsTests.xctest */ = {isa = PBXFileReference; explicitFileType = wrapper.cfbundle; includeInIndex = 0; path = assignmentsTests.xctest; sourceTree = BUILT_PRODUCTS_DIR; };
		848ABCD91FD88CC7000FAAAB /* assignmentsTests.swift */ = {isa = PBXFileReference; lastKnownFileType = sourcecode.swift; path = assignmentsTests.swift; sourceTree = "<group>"; };
		848ABCDB1FD88CC7000FAAAB /* Info.plist */ = {isa = PBXFileReference; lastKnownFileType = text.plist.xml; path = Info.plist; sourceTree = "<group>"; };
		848ABCE01FD88CC7000FAAAB /* assignmentsUITests.xctest */ = {isa = PBXFileReference; explicitFileType = wrapper.cfbundle; includeInIndex = 0; path = assignmentsUITests.xctest; sourceTree = BUILT_PRODUCTS_DIR; };
		848ABCE41FD88CC7000FAAAB /* assignmentsUITests.swift */ = {isa = PBXFileReference; lastKnownFileType = sourcecode.swift; path = assignmentsUITests.swift; sourceTree = "<group>"; };
		848ABCE61FD88CC7000FAAAB /* Info.plist */ = {isa = PBXFileReference; lastKnownFileType = text.plist.xml; path = Info.plist; sourceTree = "<group>"; };
		848ABCF31FD88CE3000FAAAB /* student.swift */ = {isa = PBXFileReference; lastKnownFileType = sourcecode.swift; path = student.swift; sourceTree = "<group>"; };
		848ABCF51FD88D2D000FAAAB /* studentsDB.swift */ = {isa = PBXFileReference; lastKnownFileType = sourcecode.swift; path = studentsDB.swift; sourceTree = "<group>"; };
		848ABCF71FD88F76000FAAAB /* masterStudent.swift */ = {isa = PBXFileReference; lastKnownFileType = sourcecode.swift; path = masterStudent.swift; sourceTree = "<group>"; };
		848ABCF91FD89358000FAAAB /* phdStudent.swift */ = {isa = PBXFileReference; lastKnownFileType = sourcecode.swift; path = phdStudent.swift; sourceTree = "<group>"; };
		84B722C81FD9CF4D00151EB0 /* ViewControllerUITableViewCell.swift */ = {isa = PBXFileReference; lastKnownFileType = sourcecode.swift; path = ViewControllerUITableViewCell.swift; sourceTree = "<group>"; };
		84B722CB1FD9DC6C00151EB0 /* NewStudentViewController.swift */ = {isa = PBXFileReference; lastKnownFileType = sourcecode.swift; path = NewStudentViewController.swift; sourceTree = "<group>"; };
		84B722CD1FD9DC9D00151EB0 /* StudenDetailsViewController.swift */ = {isa = PBXFileReference; lastKnownFileType = sourcecode.swift; path = StudenDetailsViewController.swift; sourceTree = "<group>"; };
/* End PBXFileReference section */

/* Begin PBXFrameworksBuildPhase section */
		848ABCBE1FD88CC7000FAAAB /* Frameworks */ = {
			isa = PBXFrameworksBuildPhase;
			buildActionMask = 2147483647;
			files = (
			);
			runOnlyForDeploymentPostprocessing = 0;
		};
		848ABCD21FD88CC7000FAAAB /* Frameworks */ = {
			isa = PBXFrameworksBuildPhase;
			buildActionMask = 2147483647;
			files = (
			);
			runOnlyForDeploymentPostprocessing = 0;
		};
		848ABCDD1FD88CC7000FAAAB /* Frameworks */ = {
			isa = PBXFrameworksBuildPhase;
			buildActionMask = 2147483647;
			files = (
			);
			runOnlyForDeploymentPostprocessing = 0;
		};
/* End PBXFrameworksBuildPhase section */

/* Begin PBXGroup section */
		848ABCB81FD88CC6000FAAAB = {
			isa = PBXGroup;
			children = (
				848ABCC31FD88CC7000FAAAB /* assignments */,
				848ABCD81FD88CC7000FAAAB /* assignmentsTests */,
				848ABCE31FD88CC7000FAAAB /* assignmentsUITests */,
				848ABCC21FD88CC7000FAAAB /* Products */,
			);
			sourceTree = "<group>";
		};
		848ABCC21FD88CC7000FAAAB /* Products */ = {
			isa = PBXGroup;
			children = (
				848ABCC11FD88CC7000FAAAB /* assignments.app */,
				848ABCD51FD88CC7000FAAAB /* assignmentsTests.xctest */,
				848ABCE01FD88CC7000FAAAB /* assignmentsUITests.xctest */,
			);
			name = Products;
			sourceTree = "<group>";
		};
		848ABCC31FD88CC7000FAAAB /* assignments */ = {
			isa = PBXGroup;
			children = (
				84B722CA1FD9D2A800151EB0 /* ViewControllers */,
				848ABCF21FD88CD1000FAAAB /* Students */,
				848ABCC41FD88CC7000FAAAB /* AppDelegate.swift */,
				848ABCC81FD88CC7000FAAAB /* Main.storyboard */,
				848ABCCB1FD88CC7000FAAAB /* Assets.xcassets */,
				848ABCCD1FD88CC7000FAAAB /* LaunchScreen.storyboard */,
				848ABCD01FD88CC7000FAAAB /* Info.plist */,
			);
			path = assignments;
			sourceTree = "<group>";
		};
		848ABCD81FD88CC7000FAAAB /* assignmentsTests */ = {
			isa = PBXGroup;
			children = (
				848ABCD91FD88CC7000FAAAB /* assignmentsTests.swift */,
				848ABCDB1FD88CC7000FAAAB /* Info.plist */,
			);
			path = assignmentsTests;
			sourceTree = "<group>";
		};
		848ABCE31FD88CC7000FAAAB /* assignmentsUITests */ = {
			isa = PBXGroup;
			children = (
				848ABCE41FD88CC7000FAAAB /* assignmentsUITests.swift */,
				848ABCE61FD88CC7000FAAAB /* Info.plist */,
			);
			path = assignmentsUITests;
			sourceTree = "<group>";
		};
		848ABCF21FD88CD1000FAAAB /* Students */ = {
			isa = PBXGroup;
			children = (
				848ABCF31FD88CE3000FAAAB /* student.swift */,
				848ABCF51FD88D2D000FAAAB /* studentsDB.swift */,
				848ABCF71FD88F76000FAAAB /* masterStudent.swift */,
				848ABCF91FD89358000FAAAB /* phdStudent.swift */,
			);
			path = Students;
			sourceTree = "<group>";
		};
		84B722CA1FD9D2A800151EB0 /* ViewControllers */ = {
			isa = PBXGroup;
			children = (
				84B722C81FD9CF4D00151EB0 /* ViewControllerUITableViewCell.swift */,
				848ABCC61FD88CC7000FAAAB /* ViewController.swift */,
				84B722CB1FD9DC6C00151EB0 /* NewStudentViewController.swift */,
				84B722CD1FD9DC9D00151EB0 /* StudenDetailsViewController.swift */,
			);
			path = ViewControllers;
			sourceTree = "<group>";
		};
/* End PBXGroup section */

/* Begin PBXNativeTarget section */
		848ABCC01FD88CC7000FAAAB /* assignments */ = {
			isa = PBXNativeTarget;
			buildConfigurationList = 848ABCE91FD88CC7000FAAAB /* Build configuration list for PBXNativeTarget "assignments" */;
			buildPhases = (
				848ABCBD1FD88CC7000FAAAB /* Sources */,
				848ABCBE1FD88CC7000FAAAB /* Frameworks */,
				848ABCBF1FD88CC7000FAAAB /* Resources */,
			);
			buildRules = (
			);
			dependencies = (
			);
			name = assignments;
			productName = assignments;
			productReference = 848ABCC11FD88CC7000FAAAB /* assignments.app */;
			productType = "com.apple.product-type.application";
		};
		848ABCD41FD88CC7000FAAAB /* assignmentsTests */ = {
			isa = PBXNativeTarget;
			buildConfigurationList = 848ABCEC1FD88CC7000FAAAB /* Build configuration list for PBXNativeTarget "assignmentsTests" */;
			buildPhases = (
				848ABCD11FD88CC7000FAAAB /* Sources */,
				848ABCD21FD88CC7000FAAAB /* Frameworks */,
				848ABCD31FD88CC7000FAAAB /* Resources */,
			);
			buildRules = (
			);
			dependencies = (
				848ABCD71FD88CC7000FAAAB /* PBXTargetDependency */,
			);
			name = assignmentsTests;
			productName = assignmentsTests;
			productReference = 848ABCD51FD88CC7000FAAAB /* assignmentsTests.xctest */;
			productType = "com.apple.product-type.bundle.unit-test";
		};
		848ABCDF1FD88CC7000FAAAB /* assignmentsUITests */ = {
			isa = PBXNativeTarget;
			buildConfigurationList = 848ABCEF1FD88CC7000FAAAB /* Build configuration list for PBXNativeTarget "assignmentsUITests" */;
			buildPhases = (
				848ABCDC1FD88CC7000FAAAB /* Sources */,
				848ABCDD1FD88CC7000FAAAB /* Frameworks */,
				848ABCDE1FD88CC7000FAAAB /* Resources */,
			);
			buildRules = (
			);
			dependencies = (
				848ABCE21FD88CC7000FAAAB /* PBXTargetDependency */,
			);
			name = assignmentsUITests;
			productName = assignmentsUITests;
			productReference = 848ABCE01FD88CC7000FAAAB /* assignmentsUITests.xctest */;
			productType = "com.apple.product-type.bundle.ui-testing";
		};
/* End PBXNativeTarget section */

/* Begin PBXProject section */
		848ABCB91FD88CC6000FAAAB /* Project object */ = {
			isa = PBXProject;
			attributes = {
				LastSwiftUpdateCheck = 0900;
				LastUpgradeCheck = 0900;
				ORGANIZATIONNAME = Naor;
				TargetAttributes = {
					848ABCC01FD88CC7000FAAAB = {
						CreatedOnToolsVersion = 9.0.1;
						ProvisioningStyle = Automatic;
					};
					848ABCD41FD88CC7000FAAAB = {
						CreatedOnToolsVersion = 9.0.1;
						ProvisioningStyle = Automatic;
						TestTargetID = 848ABCC01FD88CC7000FAAAB;
					};
					848ABCDF1FD88CC7000FAAAB = {
						CreatedOnToolsVersion = 9.0.1;
						ProvisioningStyle = Automatic;
						TestTargetID = 848ABCC01FD88CC7000FAAAB;
					};
				};
			};
			buildConfigurationList = 848ABCBC1FD88CC6000FAAAB /* Build configuration list for PBXProject "assignments" */;
			compatibilityVersion = "Xcode 8.0";
			developmentRegion = en;
			hasScannedForEncodings = 0;
			knownRegions = (
				en,
				Base,
			);
			mainGroup = 848ABCB81FD88CC6000FAAAB;
			productRefGroup = 848ABCC21FD88CC7000FAAAB /* Products */;
			projectDirPath = "";
			projectRoot = "";
			targets = (
				848ABCC01FD88CC7000FAAAB /* assignments */,
				848ABCD41FD88CC7000FAAAB /* assignmentsTests */,
				848ABCDF1FD88CC7000FAAAB /* assignmentsUITests */,
			);
		};
/* End PBXProject section */

/* Begin PBXResourcesBuildPhase section */
		848ABCBF1FD88CC7000FAAAB /* Resources */ = {
			isa = PBXResourcesBuildPhase;
			buildActionMask = 2147483647;
			files = (
				848ABCCF1FD88CC7000FAAAB /* LaunchScreen.storyboard in Resources */,
				848ABCCC1FD88CC7000FAAAB /* Assets.xcassets in Resources */,
				848ABCCA1FD88CC7000FAAAB /* Main.storyboard in Resources */,
			);
			runOnlyForDeploymentPostprocessing = 0;
		};
		848ABCD31FD88CC7000FAAAB /* Resources */ = {
			isa = PBXResourcesBuildPhase;
			buildActionMask = 2147483647;
			files = (
			);
			runOnlyForDeploymentPostprocessing = 0;
		};
		848ABCDE1FD88CC7000FAAAB /* Resources */ = {
			isa = PBXResourcesBuildPhase;
			buildActionMask = 2147483647;
			files = (
			);
			runOnlyForDeploymentPostprocessing = 0;
		};
/* End PBXResourcesBuildPhase section */

/* Begin PBXSourcesBuildPhase section */
		848ABCBD1FD88CC7000FAAAB /* Sources */ = {
			isa = PBXSourcesBuildPhase;
			buildActionMask = 2147483647;
			files = (
				84B722CE1FD9DC9D00151EB0 /* StudenDetailsViewController.swift in Sources */,
				848ABCC71FD88CC7000FAAAB /* ViewController.swift in Sources */,
				84B722CC1FD9DC6C00151EB0 /* NewStudentViewController.swift in Sources */,
				84B722C91FD9CF4D00151EB0 /* ViewControllerUITableViewCell.swift in Sources */,
				848ABCC51FD88CC7000FAAAB /* AppDelegate.swift in Sources */,
				848ABCFA1FD89358000FAAAB /* phdStudent.swift in Sources */,
				848ABCF41FD88CE3000FAAAB /* student.swift in Sources */,
				848ABCF81FD88F76000FAAAB /* masterStudent.swift in Sources */,
				848ABCF61FD88D2D000FAAAB /* studentsDB.swift in Sources */,
			);
			runOnlyForDeploymentPostprocessing = 0;
		};
		848ABCD11FD88CC7000FAAAB /* Sources */ = {
			isa = PBXSourcesBuildPhase;
			buildActionMask = 2147483647;
			files = (
				848ABCDA1FD88CC7000FAAAB /* assignmentsTests.swift in Sources */,
			);
			runOnlyForDeploymentPostprocessing = 0;
		};
		848ABCDC1FD88CC7000FAAAB /* Sources */ = {
			isa = PBXSourcesBuildPhase;
			buildActionMask = 2147483647;
			files = (
				848ABCE51FD88CC7000FAAAB /* assignmentsUITests.swift in Sources */,
			);
			runOnlyForDeploymentPostprocessing = 0;
		};
/* End PBXSourcesBuildPhase section */

/* Begin PBXTargetDependency section */
		848ABCD71FD88CC7000FAAAB /* PBXTargetDependency */ = {
			isa = PBXTargetDependency;
			target = 848ABCC01FD88CC7000FAAAB /* assignments */;
			targetProxy = 848ABCD61FD88CC7000FAAAB /* PBXContainerItemProxy */;
		};
		848ABCE21FD88CC7000FAAAB /* PBXTargetDependency */ = {
			isa = PBXTargetDependency;
			target = 848ABCC01FD88CC7000FAAAB /* assignments */;
			targetProxy = 848ABCE11FD88CC7000FAAAB /* PBXContainerItemProxy */;
		};
/* End PBXTargetDependency section */

/* Begin PBXVariantGroup section */
		848ABCC81FD88CC7000FAAAB /* Main.storyboard */ = {
			isa = PBXVariantGroup;
			children = (
				848ABCC91FD88CC7000FAAAB /* Base */,
			);
			name = Main.storyboard;
			sourceTree = "<group>";
		};
		848ABCCD1FD88CC7000FAAAB /* LaunchScreen.storyboard */ = {
			isa = PBXVariantGroup;
			children = (
				848ABCCE1FD88CC7000FAAAB /* Base */,
			);
			name = LaunchScreen.storyboard;
			sourceTree = "<group>";
		};
/* End PBXVariantGroup section */

/* Begin XCBuildConfiguration section */
		848ABCE71FD88CC7000FAAAB /* Debug */ = {
			isa = XCBuildConfiguration;
			buildSettings = {
				ALWAYS_SEARCH_USER_PATHS = NO;
				CLANG_ANALYZER_NONNULL = YES;
				CLANG_ANALYZER_NUMBER_OBJECT_CONVERSION = YES_AGGRESSIVE;
				CLANG_CXX_LANGUAGE_STANDARD = "gnu++14";
				CLANG_CXX_LIBRARY = "libc++";
				CLANG_ENABLE_MODULES = YES;
				CLANG_ENABLE_OBJC_ARC = YES;
				CLANG_WARN_BLOCK_CAPTURE_AUTORELEASING = YES;
				CLANG_WARN_BOOL_CONVERSION = YES;
				CLANG_WARN_COMMA = YES;
				CLANG_WARN_CONSTANT_CONVERSION = YES;
				CLANG_WARN_DIRECT_OBJC_ISA_USAGE = YES_ERROR;
				CLANG_WARN_DOCUMENTATION_COMMENTS = YES;
				CLANG_WARN_EMPTY_BODY = YES;
				CLANG_WARN_ENUM_CONVERSION = YES;
				CLANG_WARN_INFINITE_RECURSION = YES;
				CLANG_WARN_INT_CONVERSION = YES;
				CLANG_WARN_NON_LITERAL_NULL_CONVERSION = YES;
				CLANG_WARN_OBJC_LITERAL_CONVERSION = YES;
				CLANG_WARN_OBJC_ROOT_CLASS = YES_ERROR;
				CLANG_WARN_RANGE_LOOP_ANALYSIS = YES;
				CLANG_WARN_STRICT_PROTOTYPES = YES;
				CLANG_WARN_SUSPICIOUS_MOVE = YES;
				CLANG_WARN_UNGUARDED_AVAILABILITY = YES_AGGRESSIVE;
				CLANG_WARN_UNREACHABLE_CODE = YES;
				CLANG_WARN__DUPLICATE_METHOD_MATCH = YES;
				CODE_SIGN_IDENTITY = "iPhone Developer";
				COPY_PHASE_STRIP = NO;
				DEBUG_INFORMATION_FORMAT = dwarf;
				ENABLE_STRICT_OBJC_MSGSEND = YES;
				ENABLE_TESTABILITY = YES;
				GCC_C_LANGUAGE_STANDARD = gnu11;
				GCC_DYNAMIC_NO_PIC = NO;
				GCC_NO_COMMON_BLOCKS = YES;
				GCC_OPTIMIZATION_LEVEL = 0;
				GCC_PREPROCESSOR_DEFINITIONS = (
					"DEBUG=1",
					"$(inherited)",
				);
				GCC_WARN_64_TO_32_BIT_CONVERSION = YES;
				GCC_WARN_ABOUT_RETURN_TYPE = YES_ERROR;
				GCC_WARN_UNDECLARED_SELECTOR = YES;
				GCC_WARN_UNINITIALIZED_AUTOS = YES_AGGRESSIVE;
				GCC_WARN_UNUSED_FUNCTION = YES;
				GCC_WARN_UNUSED_VARIABLE = YES;
				IPHONEOS_DEPLOYMENT_TARGET = 11.0;
				MTL_ENABLE_DEBUG_INFO = YES;
				ONLY_ACTIVE_ARCH = YES;
				SDKROOT = iphoneos;
				SWIFT_ACTIVE_COMPILATION_CONDITIONS = DEBUG;
				SWIFT_OPTIMIZATION_LEVEL = "-Onone";
			};
			name = Debug;
		};
		848ABCE81FD88CC7000FAAAB /* Release */ = {
			isa = XCBuildConfiguration;
			buildSettings = {
				ALWAYS_SEARCH_USER_PATHS = NO;
				CLANG_ANALYZER_NONNULL = YES;
				CLANG_ANALYZER_NUMBER_OBJECT_CONVERSION = YES_AGGRESSIVE;
				CLANG_CXX_LANGUAGE_STANDARD = "gnu++14";
				CLANG_CXX_LIBRARY = "libc++";
				CLANG_ENABLE_MODULES = YES;
				CLANG_ENABLE_OBJC_ARC = YES;
				CLANG_WARN_BLOCK_CAPTURE_AUTORELEASING = YES;
				CLANG_WARN_BOOL_CONVERSION = YES;
				CLANG_WARN_COMMA = YES;
				CLANG_WARN_CONSTANT_CONVERSION = YES;
				CLANG_WARN_DIRECT_OBJC_ISA_USAGE = YES_ERROR;
				CLANG_WARN_DOCUMENTATION_COMMENTS = YES;
				CLANG_WARN_EMPTY_BODY = YES;
				CLANG_WARN_ENUM_CONVERSION = YES;
				CLANG_WARN_INFINITE_RECURSION = YES;
				CLANG_WARN_INT_CONVERSION = YES;
				CLANG_WARN_NON_LITERAL_NULL_CONVERSION = YES;
				CLANG_WARN_OBJC_LITERAL_CONVERSION = YES;
				CLANG_WARN_OBJC_ROOT_CLASS = YES_ERROR;
				CLANG_WARN_RANGE_LOOP_ANALYSIS = YES;
				CLANG_WARN_STRICT_PROTOTYPES = YES;
				CLANG_WARN_SUSPICIOUS_MOVE = YES;
				CLANG_WARN_UNGUARDED_AVAILABILITY = YES_AGGRESSIVE;
				CLANG_WARN_UNREACHABLE_CODE = YES;
				CLANG_WARN__DUPLICATE_METHOD_MATCH = YES;
				CODE_SIGN_IDENTITY = "iPhone Developer";
				COPY_PHASE_STRIP = NO;
				DEBUG_INFORMATION_FORMAT = "dwarf-with-dsym";
				ENABLE_NS_ASSERTIONS = NO;
				ENABLE_STRICT_OBJC_MSGSEND = YES;
				GCC_C_LANGUAGE_STANDARD = gnu11;
				GCC_NO_COMMON_BLOCKS = YES;
				GCC_WARN_64_TO_32_BIT_CONVERSION = YES;
				GCC_WARN_ABOUT_RETURN_TYPE = YES_ERROR;
				GCC_WARN_UNDECLARED_SELECTOR = YES;
				GCC_WARN_UNINITIALIZED_AUTOS = YES_AGGRESSIVE;
				GCC_WARN_UNUSED_FUNCTION = YES;
				GCC_WARN_UNUSED_VARIABLE = YES;
				IPHONEOS_DEPLOYMENT_TARGET = 11.0;
				MTL_ENABLE_DEBUG_INFO = NO;
				SDKROOT = iphoneos;
				SWIFT_OPTIMIZATION_LEVEL = "-Owholemodule";
				VALIDATE_PRODUCT = YES;
			};
			name = Release;
		};
		848ABCEA1FD88CC7000FAAAB /* Debug */ = {
			isa = XCBuildConfiguration;
			buildSettings = {
				ASSETCATALOG_COMPILER_APPICON_NAME = AppIcon;
				CODE_SIGN_STYLE = Automatic;
				INFOPLIST_FILE = assignments/Info.plist;
				LD_RUNPATH_SEARCH_PATHS = "$(inherited) @executable_path/Frameworks";
				PRODUCT_BUNDLE_IDENTIFIER = cm.assignments;
				PRODUCT_NAME = "$(TARGET_NAME)";
				SWIFT_VERSION = 4.0;
				TARGETED_DEVICE_FAMILY = "1,2";
			};
			name = Debug;
		};
		848ABCEB1FD88CC7000FAAAB /* Release */ = {
			isa = XCBuildConfiguration;
			buildSettings = {
				ASSETCATALOG_COMPILER_APPICON_NAME = AppIcon;
				CODE_SIGN_STYLE = Automatic;
				INFOPLIST_FILE = assignments/Info.plist;
				LD_RUNPATH_SEARCH_PATHS = "$(inherited) @executable_path/Frameworks";
				PRODUCT_BUNDLE_IDENTIFIER = cm.assignments;
				PRODUCT_NAME = "$(TARGET_NAME)";
				SWIFT_VERSION = 4.0;
				TARGETED_DEVICE_FAMILY = "1,2";
			};
			name = Release;
		};
		848ABCED1FD88CC7000FAAAB /* Debug */ = {
			isa = XCBuildConfiguration;
			buildSettings = {
				ALWAYS_EMBED_SWIFT_STANDARD_LIBRARIES = YES;
				BUNDLE_LOADER = "$(TEST_HOST)";
				CODE_SIGN_STYLE = Automatic;
				INFOPLIST_FILE = assignmentsTests/Info.plist;
				LD_RUNPATH_SEARCH_PATHS = "$(inherited) @executable_path/Frameworks @loader_path/Frameworks";
				PRODUCT_BUNDLE_IDENTIFIER = cm.assignmentsTests;
				PRODUCT_NAME = "$(TARGET_NAME)";
				SWIFT_VERSION = 4.0;
				TARGETED_DEVICE_FAMILY = "1,2";
				TEST_HOST = "$(BUILT_PRODUCTS_DIR)/assignments.app/assignments";
			};
			name = Debug;
		};
		848ABCEE1FD88CC7000FAAAB /* Release */ = {
			isa = XCBuildConfiguration;
			buildSettings = {
				ALWAYS_EMBED_SWIFT_STANDARD_LIBRARIES = YES;
				BUNDLE_LOADER = "$(TEST_HOST)";
				CODE_SIGN_STYLE = Automatic;
				INFOPLIST_FILE = assignmentsTests/Info.plist;
				LD_RUNPATH_SEARCH_PATHS = "$(inherited) @executable_path/Frameworks @loader_path/Frameworks";
				PRODUCT_BUNDLE_IDENTIFIER = cm.assignmentsTests;
				PRODUCT_NAME = "$(TARGET_NAME)";
				SWIFT_VERSION = 4.0;
				TARGETED_DEVICE_FAMILY = "1,2";
				TEST_HOST = "$(BUILT_PRODUCTS_DIR)/assignments.app/assignments";
			};
			name = Release;
		};
		848ABCF01FD88CC7000FAAAB /* Debug */ = {
			isa = XCBuildConfiguration;
			buildSettings = {
				ALWAYS_EMBED_SWIFT_STANDARD_LIBRARIES = YES;
				CODE_SIGN_STYLE = Automatic;
				INFOPLIST_FILE = assignmentsUITests/Info.plist;
				LD_RUNPATH_SEARCH_PATHS = "$(inherited) @executable_path/Frameworks @loader_path/Frameworks";
				PRODUCT_BUNDLE_IDENTIFIER = cm.assignmentsUITests;
				PRODUCT_NAME = "$(TARGET_NAME)";
				SWIFT_VERSION = 4.0;
				TARGETED_DEVICE_FAMILY = "1,2";
				TEST_TARGET_NAME = assignments;
			};
			name = Debug;
		};
		848ABCF11FD88CC7000FAAAB /* Release */ = {
			isa = XCBuildConfiguration;
			buildSettings = {
				ALWAYS_EMBED_SWIFT_STANDARD_LIBRARIES = YES;
				CODE_SIGN_STYLE = Automatic;
				INFOPLIST_FILE = assignmentsUITests/Info.plist;
				LD_RUNPATH_SEARCH_PATHS = "$(inherited) @executable_path/Frameworks @loader_path/Frameworks";
				PRODUCT_BUNDLE_IDENTIFIER = cm.assignmentsUITests;
				PRODUCT_NAME = "$(TARGET_NAME)";
				SWIFT_VERSION = 4.0;
				TARGETED_DEVICE_FAMILY = "1,2";
				TEST_TARGET_NAME = assignments;
			};
			name = Release;
		};
/* End XCBuildConfiguration section */

/* Begin XCConfigurationList section */
		848ABCBC1FD88CC6000FAAAB /* Build configuration list for PBXProject "assignments" */ = {
			isa = XCConfigurationList;
			buildConfigurations = (
				848ABCE71FD88CC7000FAAAB /* Debug */,
				848ABCE81FD88CC7000FAAAB /* Release */,
			);
			defaultConfigurationIsVisible = 0;
			defaultConfigurationName = Release;
		};
		848ABCE91FD88CC7000FAAAB /* Build configuration list for PBXNativeTarget "assignments" */ = {
			isa = XCConfigurationList;
			buildConfigurations = (
				848ABCEA1FD88CC7000FAAAB /* Debug */,
				848ABCEB1FD88CC7000FAAAB /* Release */,
			);
			defaultConfigurationIsVisible = 0;
			defaultConfigurationName = Release;
		};
		848ABCEC1FD88CC7000FAAAB /* Build configuration list for PBXNativeTarget "assignmentsTests" */ = {
			isa = XCConfigurationList;
			buildConfigurations = (
				848ABCED1FD88CC7000FAAAB /* Debug */,
				848ABCEE1FD88CC7000FAAAB /* Release */,
			);
			defaultConfigurationIsVisible = 0;
			defaultConfigurationName = Release;
		};
		848ABCEF1FD88CC7000FAAAB /* Build configuration list for PBXNativeTarget "assignmentsUITests" */ = {
			isa = XCConfigurationList;
			buildConfigurations = (
				848ABCF01FD88CC7000FAAAB /* Debug */,
				848ABCF11FD88CC7000FAAAB /* Release */,
			);
			defaultConfigurationIsVisible = 0;
			defaultConfigurationName = Release;
		};
/* End XCConfigurationList section */
	};
	rootObject = 848ABCB91FD88CC6000FAAAB /* Project object */;
}
